
Microsoft Visual Studio Solution File, Format Version 12.00
# Visual Studio Version 16
VisualStudioVersion = 16.0.31321.278
MinimumVisualStudioVersion = 10.0.40219.1
Project("{FAE04EC0-301F-11D3-BF4B-00C04F79EFBC}") = "WebApiCore", "WebApiCore\WebApiCore.csproj", "{A71A71D7-28BB-4C87-9477-E92232F178CD}"
EndProject
Global
	GlobalSection(SolutionConfigurationPlatforms) = preSolution
		Debug|Any CPU = Debug|Any CPU
		Release|Any CPU = Release|Any CPU
	EndGlobalSection
	GlobalSection(ProjectConfigurationPlatforms) = postSolution
		{A71A71D7-28BB-4C87-9477-E92232F178CD}.Debug|Any CPU.ActiveCfg = Debug|Any CPU
		{A71A71D7-28BB-4C87-9477-E92232F178CD}.Debug|Any CPU.Build.0 = Debug|Any CPU
		{A71A71D7-28BB-4C87-9477-E92232F178CD}.Release|Any CPU.ActiveCfg = Release|Any CPU
		{A71A71D7-28BB-4C87-9477-E92232F178CD}.Release|Any CPU.Build.0 = Release|Any CPU
	EndGlobalSection
	GlobalSection(SolutionProperties) = preSolution
		HideSolutionNode = FALSE
	EndGlobalSection
	GlobalSection(ExtensibilityGlobals) = postSolution
		SolutionGuid = {5968B1E8-B86D-4113-99A4-5E4AC2ECA3F7}
	EndGlobalSection
EndGlobal
